
Microsoft Visual Studio Solution File, Format Version 12.00
# Visual Studio Version 17
VisualStudioVersion = 17.7.34031.279
MinimumVisualStudioVersion = 10.0.40219.1
Project("{FAE04EC0-301F-11D3-BF4B-00C04F79EFBC}") = "NgAPI", "NgAPI\NgAPI.csproj", "{2B2F344B-EE14-4887-A3DB-A42F9A3DD78F}"
EndProject
Global
	GlobalSection(SolutionConfigurationPlatforms) = preSolution
		Debug|Any CPU = Debug|Any CPU
		Release|Any CPU = Release|Any CPU
	EndGlobalSection
	GlobalSection(ProjectConfigurationPlatforms) = postSolution
		{2B2F344B-EE14-4887-A3DB-A42F9A3DD78F}.Debug|Any CPU.ActiveCfg = Debug|Any CPU
		{2B2F344B-EE14-4887-A3DB-A42F9A3DD78F}.Debug|Any CPU.Build.0 = Debug|Any CPU
		{2B2F344B-EE14-4887-A3DB-A42F9A3DD78F}.Release|Any CPU.ActiveCfg = Release|Any CPU
		{2B2F344B-EE14-4887-A3DB-A42F9A3DD78F}.Release|Any CPU.Build.0 = Release|Any CPU
	EndGlobalSection
	GlobalSection(SolutionProperties) = preSolution
		HideSolutionNode = FALSE
	EndGlobalSection
	GlobalSection(ExtensibilityGlobals) = postSolution
		SolutionGuid = {2AA5DAB9-A5E5-4B48-BFC4-D1B138FCE099}
	EndGlobalSection
EndGlobal
